{
    "_meta": {
        "hash": {
            "sha256": "e38b50157b73f6e43063a927f31c944749d4435049481d748d7c1482080acbd8"
        },
        "pipfile-spec": 6,
        "requires": {
            "python_version": "3.9"
        },
        "sources": [
            {
                "name": "pypi",
                "url": "https://pypi.org/simple",
                "verify_ssl": true
            }
        ]
    },
    "default": {
        "atomicwrites": {
            "hashes": [
                "sha256:6d1784dea7c0c8d4a5172b6c620f40b6e4cbfdf96d783691f2e1302a7b88e197",
                "sha256:ae70396ad1a434f9c7046fd2dd196fc04b12f9e91ffb859164193be8b6168a7a"
            ],
            "markers": "sys_platform == 'win32'",
            "version": "==1.4.0"
        },
        "attrs": {
            "hashes": [
                "sha256:149e90d6d8ac20db7a955ad60cf0e6881a3f20d37096140088356da6c716b0b1",
                "sha256:ef6aaac3ca6cd92904cdd0d83f629a15f18053ec84e6432106f7a4d04ae4f5fb"
            ],
            "markers": "python_version >= '2.7' and python_version not in '3.0, 3.1, 3.2, 3.3, 3.4'",
            "version": "==21.2.0"
        },
        "click": {
            "hashes": [
                "sha256:d2b5255c7c6349bc1bd1e59e08cd12acbbd63ce649f2588755783aa94dfb6b1a",
                "sha256:dacca89f4bfadd5de3d7489b7c8a566eee0d3676333fbb50030263894c38c0dc"
            ],
            "index": "pypi",
            "version": "==7.1.2"
        },
        "colorama": {
            "hashes": [
                "sha256:5941b2b48a20143d2267e95b1c2a7603ce057ee39fd88e7329b0c292aa16869b",
                "sha256:9f47eda37229f68eee03b24b9748937c7dc3868f906e8ba69fbcbdd3bc5dc3e2"
            ],
            "markers": "sys_platform == 'win32'",
            "version": "==0.4.4"
        },
        "coverage": {
            "hashes": [
                "sha256:046647b96969fda1ae0605f61288635209dd69dcd27ba3ec0bf5148bc157f954",
                "sha256:06d009e8a29483cbc0520665bc46035ffe9ae0e7484a49f9782c2a716e37d0a0",
                "sha256:0cde7d9fe2fb55ff68ebe7fb319ef188e9b88e0a3d1c9c5db7dd829cd93d2193",
                "sha256:1de9c6f5039ee2b1860b7bad2c7bc3651fbeb9368e4c4d93e98a76358cdcb052",
                "sha256:24ed38ec86754c4d5a706fbd5b52b057c3df87901a8610d7e5642a08ec07087e",
                "sha256:27a3df08a855522dfef8b8635f58bab81341b2fb5f447819bc252da3aa4cf44c",
                "sha256:310c40bed6b626fd1f463e5a83dba19a61c4eb74e1ac0d07d454ebbdf9047e9d",
                "sha256:3348865798c077c695cae00da0924136bb5cc501f236cfd6b6d9f7a3c94e0ec4",
                "sha256:35b246ae3a2c042dc8f410c94bcb9754b18179cdb81ff9477a9089dbc9ecc186",
                "sha256:3f546f48d5d80a90a266769aa613bc0719cb3e9c2ef3529d53f463996dd15a9d",
                "sha256:586d38dfc7da4a87f5816b203ff06dd7c1bb5b16211ccaa0e9788a8da2b93696",
                "sha256:5d3855d5d26292539861f5ced2ed042fc2aa33a12f80e487053aed3bcb6ced13",
                "sha256:610c0ba11da8de3a753dc4b1f71894f9f9debfdde6559599f303286e70aeb0c2",
                "sha256:62646d98cf0381ffda301a816d6ac6c35fc97aa81b09c4c52d66a15c4bef9d7c",
                "sha256:66af99c7f7b64d050d37e795baadf515b4561124f25aae6e1baa482438ecc388",
                "sha256:675adb3b3380967806b3cbb9c5b00ceb29b1c472692100a338730c1d3e59c8b9",
                "sha256:6e5a8c947a2a89c56655ecbb789458a3a8e3b0cbf4c04250331df8f647b3de59",
                "sha256:7a39590d1e6acf6a3c435c5d233f72f5d43b585f5be834cff1f21fec4afda225",
                "sha256:80cb70264e9a1d04b519cdba3cd0dc42847bf8e982a4d55c769b9b0ee7cdce1e",
                "sha256:82fdcb64bf08aa5db881db061d96db102c77397a570fbc112e21c48a4d9cb31b",
                "sha256:8492d37acdc07a6eac6489f6c1954026f2260a85a4c2bb1e343fe3d35f5ee21a",
                "sha256:94f558f8555e79c48c422045f252ef41eb43becdd945e9c775b45ebfc0cbd78f",
                "sha256:958ac66272ff20e63d818627216e3d7412fdf68a2d25787b89a5c6f1eb7fdd93",
                "sha256:95a58336aa111af54baa451c33266a8774780242cab3704b7698d5e514840758",
                "sha256:96129e41405887a53a9cc564f960d7f853cc63d178f3a182fdd302e4cab2745b",
                "sha256:97ef6e9119bd39d60ef7b9cd5deea2b34869c9f0b9777450a7e3759c1ab09b9b",
                "sha256:98d44a8136eebbf544ad91fef5bd2b20ef0c9b459c65a833c923d9aa4546b204",
                "sha256:9d2c2e3ce7b8cc932a2f918186964bd44de8c84e2f9ef72dc616f5bb8be22e71",
                "sha256:a300b39c3d5905686c75a369d2a66e68fd01472ea42e16b38c948bd02b29e5bd",
                "sha256:a34fccb45f7b2d890183a263578d60a392a1a218fdc12f5bce1477a6a68d4373",
                "sha256:a4d48e42e17d3de212f9af44f81ab73b9378a4b2b8413fd708d0d9023f2bbde4",
                "sha256:af45eea024c0e3a25462fade161afab4f0d9d9e0d5a5d53e86149f74f0a35ecc",
                "sha256:ba6125d4e55c0b8e913dad27b22722eac7abdcb1f3eab1bd090eee9105660266",
                "sha256:bc1ee1318f703bc6c971da700d74466e9b86e0c443eb85983fb2a1bd20447263",
                "sha256:c18725f3cffe96732ef96f3de1939d81215fd6d7d64900dcc4acfe514ea4fcbf",
                "sha256:c8e9c4bcaaaa932be581b3d8b88b677489975f845f7714efc8cce77568b6711c",
                "sha256:cc799916b618ec9fd00135e576424165691fec4f70d7dc12cfaef09268a2478c",
                "sha256:cd2d11a59afa5001ff28073ceca24ae4c506da4355aba30d1e7dd2bd0d2206dc",
                "sha256:d0a595a781f8e186580ff8e3352dd4953b1944289bec7705377c80c7e36c4d6c",
                "sha256:d3c5f49ce6af61154060640ad3b3281dbc46e2e0ef2fe78414d7f8a324f0b649",
                "sha256:d9a635114b88c0ab462e0355472d00a180a5fbfd8511e7f18e4ac32652e7d972",
                "sha256:e5432d9c329b11c27be45ee5f62cf20a33065d482c8dec1941d6670622a6fb8f",
                "sha256:eab14fdd410500dae50fd14ccc332e65543e7b39f6fc076fe90603a0e5d2f929",
                "sha256:ebcc03e1acef4ff44f37f3c61df478d6e469a573aa688e5a162f85d7e4c3860d",
                "sha256:fae3fe111670e51f1ebbc475823899524e3459ea2db2cb88279bbfb2a0b8a3de",
                "sha256:fd92ece726055e80d4e3f01fff3b91f54b18c9c357c48fcf6119e87e2461a091",
                "sha256:ffa545230ca2ad921ad066bf8fd627e7be43716b6e0fcf8e32af1b8188ccb0ab"
            ],
            "index": "pypi",
            "version": "==6.1.2"
        },
        "flask": {
            "hashes": [
                "sha256:4efa1ae2d7c9865af48986de8aeb8504bf32c7f3d6fdc9353d34b21f4b127060",
                "sha256:8a4fdd8936eba2512e9c85df320a37e694c93945b33ef33c89946a340a238557"
            ],
            "index": "pypi",
            "version": "==1.1.2"
        },
        "iniconfig": {
            "hashes": [
                "sha256:011e24c64b7f47f6ebd835bb12a743f2fbe9a26d4cecaa7f53bc4f35ee9da8b3",
                "sha256:bc3af051d7d14b2ee5ef9969666def0cd1a000e121eaea580d4a313df4b37f32"
            ],
            "version": "==1.1.1"
        },
        "itsdangerous": {
            "hashes": [
                "sha256:321b033d07f2a4136d3ec762eac9f16a10ccd60f53c0c91af90217ace7ba1f19",
                "sha256:b12271b2047cb23eeb98c8b5622e2e5c5e9abd9784a153e9d8ef9cb4dd09d749"
            ],
            "index": "pypi",
            "version": "==1.1.0"
        },
        "jinja2": {
            "hashes": [
                "sha256:89aab215427ef59c34ad58735269eb58b1a5808103067f7bb9d5836c651b3bb0",
                "sha256:f0a4641d3cf955324a89c04f3d94663aa4d638abe8f733ecd3582848e1c37035"
            ],
            "index": "pypi",
            "version": "==2.11.2"
        },
        "markupsafe": {
            "hashes": [
                "sha256:00bc623926325b26bb9605ae9eae8a215691f33cae5df11ca5424f06f2d1f473",
                "sha256:09027a7803a62ca78792ad89403b1b7a73a01c8cb65909cd876f7fcebd79b161",
                "sha256:09c4b7f37d6c648cb13f9230d847adf22f8171b1ccc4d5682398e77f40309235",
                "sha256:1027c282dad077d0bae18be6794e6b6b8c91d58ed8a8d89a89d59693b9131db5",
                "sha256:13d3144e1e340870b25e7b10b98d779608c02016d5184cfb9927a9f10c689f42",
                "sha256:195d7d2c4fbb0ee8139a6cf67194f3973a6b3042d742ebe0a9ed36d8b6f0c07f",
                "sha256:22c178a091fc6630d0d045bdb5992d2dfe14e3259760e713c490da5323866c39",
                "sha256:24982cc2533820871eba85ba648cd53d8623687ff11cbb805be4ff7b4c971aff",
                "sha256:29872e92839765e546828bb7754a68c418d927cd064fd4708fab9fe9c8bb116b",
                "sha256:2beec1e0de6924ea551859edb9e7679da6e4870d32cb766240ce17e0a0ba2014",
                "sha256:3b8a6499709d29c2e2399569d96719a1b21dcd94410a586a18526b143ec8470f",
                "sha256:43a55c2930bbc139570ac2452adf3d70cdbb3cfe5912c71cdce1c2c6bbd9c5d1",
                "sha256:46c99d2de99945ec5cb54f23c8cd5689f6d7177305ebff350a58ce5f8de1669e",
                "sha256:500d4957e52ddc3351cabf489e79c91c17f6e0899158447047588650b5e69183",
                "sha256:535f6fc4d397c1563d08b88e485c3496cf5784e927af890fb3c3aac7f933ec66",
                "sha256:596510de112c685489095da617b5bcbbac7dd6384aeebeda4df6025d0256a81b",
                "sha256:62fe6c95e3ec8a7fad637b7f3d372c15ec1caa01ab47926cfdf7a75b40e0eac1",
                "sha256:6788b695d50a51edb699cb55e35487e430fa21f1ed838122d722e0ff0ac5ba15",
                "sha256:6dd73240d2af64df90aa7c4e7481e23825ea70af4b4922f8ede5b9e35f78a3b1",
                "sha256:6f1e273a344928347c1290119b493a1f0303c52f5a5eae5f16d74f48c15d4a85",
                "sha256:6fffc775d90dcc9aed1b89219549b329a9250d918fd0b8fa8d93d154918422e1",
                "sha256:717ba8fe3ae9cc0006d7c451f0bb265ee07739daf76355d06366154ee68d221e",
                "sha256:79855e1c5b8da654cf486b830bd42c06e8780cea587384cf6545b7d9ac013a0b",
                "sha256:7c1699dfe0cf8ff607dbdcc1e9b9af1755371f92a68f706051cc8c37d447c905",
                "sha256:7fed13866cf14bba33e7176717346713881f56d9d2bcebab207f7a036f41b850",
                "sha256:84dee80c15f1b560d55bcfe6d47b27d070b4681c699c572af2e3c7cc90a3b8e0",
                "sha256:88e5fcfb52ee7b911e8bb6d6aa2fd21fbecc674eadd44118a9cc3863f938e735",
                "sha256:8defac2f2ccd6805ebf65f5eeb132adcf2ab57aa11fdf4c0dd5169a004710e7d",
                "sha256:98bae9582248d6cf62321dcb52aaf5d9adf0bad3b40582925ef7c7f0ed85fceb",
                "sha256:98c7086708b163d425c67c7a91bad6e466bb99d797aa64f965e9d25c12111a5e",
                "sha256:9add70b36c5666a2ed02b43b335fe19002ee5235efd4b8a89bfcf9005bebac0d",
                "sha256:9bf40443012702a1d2070043cb6291650a0841ece432556f784f004937f0f32c",
                "sha256:a6a744282b7718a2a62d2ed9d993cad6f5f585605ad352c11de459f4108df0a1",
                "sha256:acf08ac40292838b3cbbb06cfe9b2cb9ec78fce8baca31ddb87aaac2e2dc3bc2",
                "sha256:ade5e387d2ad0d7ebf59146cc00c8044acbd863725f887353a10df825fc8ae21",
                "sha256:b00c1de48212e4cc9603895652c5c410df699856a2853135b3967591e4beebc2",
                "sha256:b1282f8c00509d99fef04d8ba936b156d419be841854fe901d8ae224c59f0be5",
                "sha256:b1dba4527182c95a0db8b6060cc98ac49b9e2f5e64320e2b56e47cb2831978c7",
                "sha256:b2051432115498d3562c084a49bba65d97cf251f5a331c64a12ee7e04dacc51b",
                "sha256:b7d644ddb4dbd407d31ffb699f1d140bc35478da613b441c582aeb7c43838dd8",
                "sha256:ba59edeaa2fc6114428f1637ffff42da1e311e29382d81b339c1817d37ec93c6",
                "sha256:bf5aa3cbcfdf57fa2ee9cd1822c862ef23037f5c832ad09cfea57fa846dec193",
                "sha256:c8716a48d94b06bb3b2524c2b77e055fb313aeb4ea620c8dd03a105574ba704f",
                "sha256:caabedc8323f1e93231b52fc32bdcde6db817623d33e100708d9a68e1f53b26b",
                "sha256:cd5df75523866410809ca100dc9681e301e3c27567cf498077e8551b6d20e42f",
                "sha256:cdb132fc825c38e1aeec2c8aa9338310d29d337bebbd7baa06889d09a60a1fa2",
                "sha256:d53bc011414228441014aa71dbec320c66468c1030aae3a6e29778a3382d96e5",
                "sha256:d73a845f227b0bfe8a7455ee623525ee656a9e2e749e4742706d80a6065d5e2c",
                "sha256:d9be0ba6c527163cbed5e0857c451fcd092ce83947944d6c14bc95441203f032",
                "sha256:e249096428b3ae81b08327a63a485ad0878de3fb939049038579ac0ef61e17e7",
                "sha256:e8313f01ba26fbbe36c7be1966a7b7424942f670f38e666995b88d012765b9be",
                "sha256:feb7b34d6325451ef96bc0e36e1a6c0c1c64bc1fbec4b854f4529e51887b1621"
            ],
            "index": "pypi",
            "version": "==1.1.1"
        },
        "packaging": {
            "hashes": [
                "sha256:096d689d78ca690e4cd8a89568ba06d07ca097e3306a4381635073ca91479966",
                "sha256:14317396d1e8cdb122989b916fa2c7e9ca8e2be9e8060a6eff75b6b7b4d8a7e0"
            ],
            "markers": "python_version >= '3.6'",
            "version": "==21.2"
        },
        "pluggy": {
            "hashes": [
                "sha256:4224373bacce55f955a878bf9cfa763c1e360858e330072059e10bad68531159",
                "sha256:74134bbf457f031a36d68416e1509f34bd5ccc019f0bcc952c7b909d06b37bd3"
            ],
            "markers": "python_version >= '3.6'",
            "version": "==1.0.0"
        },
        "py": {
            "hashes": [
                "sha256:51c75c4126074b472f746a24399ad32f6053d1b34b68d2fa41e558e6f4a98719",
                "sha256:607c53218732647dff4acdfcd50cb62615cedf612e72d1724fb1a0cc6405b378"
            ],
            "markers": "python_version >= '2.7' and python_version not in '3.0, 3.1, 3.2, 3.3, 3.4'",
            "version": "==1.11.0"
        },
        "pyparsing": {
            "hashes": [
                "sha256:c203ec8783bf771a155b207279b9bccb8dea02d8f0c9e5f8ead507bc3246ecc1",
                "sha256:ef9d7589ef3c200abe66653d3f1ab1033c3c419ae9b9bdb1240a85b024efc88b"
            ],
            "markers": "python_version >= '2.6' and python_version not in '3.0, 3.1, 3.2, 3.3'",
            "version": "==2.4.7"
        },
        "pytest": {
            "hashes": [
                "sha256:131b36680866a76e6781d13f101efb86cf674ebb9762eb70d3082b6f29889e89",
                "sha256:7310f8d27bc79ced999e760ca304d69f6ba6c6649c0b60fb0e04a4a77cacc134"
            ],
            "index": "pypi",
            "version": "==6.2.5"
        },
        "toml": {
            "hashes": [
                "sha256:806143ae5bfb6a3c6e736a764057db0e6a0e05e338b5630894a5f779cabb4f9b",
                "sha256:b3bda1d108d5dd99f4a20d24d9c348e91c4db7ab1b749200bded2f839ccbe68f"
            ],
            "markers": "python_version >= '2.6' and python_version not in '3.0, 3.1, 3.2, 3.3'",
            "version": "==0.10.2"
        },
        "werkzeug": {
            "hashes": [
                "sha256:2de2a5db0baeae7b2d2664949077c2ac63fbd16d98da0ff71837f7d1dea3fd43",
                "sha256:6c80b1e5ad3665290ea39320b91e1be1e0d5f60652b964a3070216de83d2e47c"
            ],
            "index": "pypi",
            "version": "==1.0.1"
        }
    },
    "develop": {}
}
